
Microsoft Visual Studio Solution File, Format Version 12.00
# Visual Studio Version 17
VisualStudioVersion = 17.5.33627.172
MinimumVisualStudioVersion = 10.0.40219.1
Project("{FAE04EC0-301F-11D3-BF4B-00C04F79EFBC}") = "String operations", "String operations\String operations.csproj", "{5067A4A3-8DCA-4DF4-9C88-490942F4A95D}"
EndProject
Global
	GlobalSection(SolutionConfigurationPlatforms) = preSolution
		Debug|Any CPU = Debug|Any CPU
		Release|Any CPU = Release|Any CPU
	EndGlobalSection
	GlobalSection(ProjectConfigurationPlatforms) = postSolution
		{5067A4A3-8DCA-4DF4-9C88-490942F4A95D}.Debug|Any CPU.ActiveCfg = Debug|Any CPU
		{5067A4A3-8DCA-4DF4-9C88-490942F4A95D}.Debug|Any CPU.Build.0 = Debug|Any CPU
		{5067A4A3-8DCA-4DF4-9C88-490942F4A95D}.Release|Any CPU.ActiveCfg = Release|Any CPU
		{5067A4A3-8DCA-4DF4-9C88-490942F4A95D}.Release|Any CPU.Build.0 = Release|Any CPU
	EndGlobalSection
	GlobalSection(SolutionProperties) = preSolution
		HideSolutionNode = FALSE
	EndGlobalSection
	GlobalSection(ExtensibilityGlobals) = postSolution
		SolutionGuid = {A8E970FF-892F-424E-8E2C-A1340344514B}
	EndGlobalSection
EndGlobal
