
Microsoft Visual Studio Solution File, Format Version 12.00
# Visual Studio Version 17
VisualStudioVersion = 17.5.33627.172
MinimumVisualStudioVersion = 10.0.40219.1
Project("{FAE04EC0-301F-11D3-BF4B-00C04F79EFBC}") = "String formatting", "String formatting\String formatting.csproj", "{91C88AB4-DE3A-4209-B939-0E0357075BF7}"
EndProject
Global
	GlobalSection(SolutionConfigurationPlatforms) = preSolution
		Debug|Any CPU = Debug|Any CPU
		Release|Any CPU = Release|Any CPU
	EndGlobalSection
	GlobalSection(ProjectConfigurationPlatforms) = postSolution
		{91C88AB4-DE3A-4209-B939-0E0357075BF7}.Debug|Any CPU.ActiveCfg = Debug|Any CPU
		{91C88AB4-DE3A-4209-B939-0E0357075BF7}.Debug|Any CPU.Build.0 = Debug|Any CPU
		{91C88AB4-DE3A-4209-B939-0E0357075BF7}.Release|Any CPU.ActiveCfg = Release|Any CPU
		{91C88AB4-DE3A-4209-B939-0E0357075BF7}.Release|Any CPU.Build.0 = Release|Any CPU
	EndGlobalSection
	GlobalSection(SolutionProperties) = preSolution
		HideSolutionNode = FALSE
	EndGlobalSection
	GlobalSection(ExtensibilityGlobals) = postSolution
		SolutionGuid = {F0C47494-253A-4C6E-BEC9-C9ECDFFF4DF9}
	EndGlobalSection
EndGlobal
